
Microsoft Visual Studio Solution File, Format Version 12.00
# Visual Studio Version 16
VisualStudioVersion = 16.0.31105.61
MinimumVisualStudioVersion = 10.0.40219.1
Project("{9A19103F-16F7-4668-BE54-9A1E7A4F7556}") = "BrouwerService", "BrouwerService\BrouwerService.csproj", "{8A9C8155-613A-4366-B5E8-1CC44E24434C}"
EndProject
Project("{FAE04EC0-301F-11D3-BF4B-00C04F79EFBC}") = "BrouwerClient", "BrouwerClient\BrouwerClient.csproj", "{4E43FD73-4C42-4F42-9AB7-25BD5FF6673D}"
EndProject
Project("{FAE04EC0-301F-11D3-BF4B-00C04F79EFBC}") = "BrouwerWebApp", "BrouwerWebApp\BrouwerWebApp.csproj", "{24334EB0-DE91-4489-A67B-E3FF7F1CA914}"
EndProject
Project("{FAE04EC0-301F-11D3-BF4B-00C04F79EFBC}") = "BrouwerServiceUnitTests", "BrouwerServiceUnitTests\BrouwerServiceUnitTests.csproj", "{1E126393-94AC-439F-8DBD-62133E15B30A}"
EndProject
Global
	GlobalSection(SolutionConfigurationPlatforms) = preSolution
		Debug|Any CPU = Debug|Any CPU
		Release|Any CPU = Release|Any CPU
	EndGlobalSection
	GlobalSection(ProjectConfigurationPlatforms) = postSolution
		{8A9C8155-613A-4366-B5E8-1CC44E24434C}.Debug|Any CPU.ActiveCfg = Debug|Any CPU
		{8A9C8155-613A-4366-B5E8-1CC44E24434C}.Debug|Any CPU.Build.0 = Debug|Any CPU
		{8A9C8155-613A-4366-B5E8-1CC44E24434C}.Release|Any CPU.ActiveCfg = Release|Any CPU
		{8A9C8155-613A-4366-B5E8-1CC44E24434C}.Release|Any CPU.Build.0 = Release|Any CPU
		{4E43FD73-4C42-4F42-9AB7-25BD5FF6673D}.Debug|Any CPU.ActiveCfg = Debug|Any CPU
		{4E43FD73-4C42-4F42-9AB7-25BD5FF6673D}.Debug|Any CPU.Build.0 = Debug|Any CPU
		{4E43FD73-4C42-4F42-9AB7-25BD5FF6673D}.Release|Any CPU.ActiveCfg = Release|Any CPU
		{4E43FD73-4C42-4F42-9AB7-25BD5FF6673D}.Release|Any CPU.Build.0 = Release|Any CPU
		{24334EB0-DE91-4489-A67B-E3FF7F1CA914}.Debug|Any CPU.ActiveCfg = Debug|Any CPU
		{24334EB0-DE91-4489-A67B-E3FF7F1CA914}.Debug|Any CPU.Build.0 = Debug|Any CPU
		{24334EB0-DE91-4489-A67B-E3FF7F1CA914}.Release|Any CPU.ActiveCfg = Release|Any CPU
		{24334EB0-DE91-4489-A67B-E3FF7F1CA914}.Release|Any CPU.Build.0 = Release|Any CPU
		{1E126393-94AC-439F-8DBD-62133E15B30A}.Debug|Any CPU.ActiveCfg = Debug|Any CPU
		{1E126393-94AC-439F-8DBD-62133E15B30A}.Debug|Any CPU.Build.0 = Debug|Any CPU
		{1E126393-94AC-439F-8DBD-62133E15B30A}.Release|Any CPU.ActiveCfg = Release|Any CPU
		{1E126393-94AC-439F-8DBD-62133E15B30A}.Release|Any CPU.Build.0 = Release|Any CPU
	EndGlobalSection
	GlobalSection(SolutionProperties) = preSolution
		HideSolutionNode = FALSE
	EndGlobalSection
	GlobalSection(ExtensibilityGlobals) = postSolution
		SolutionGuid = {27C05016-964F-4CB7-9D76-20F6EA9A04E2}
	EndGlobalSection
EndGlobal
